
Microsoft Visual Studio Solution File, Format Version 12.00
# Visual Studio Version 16
VisualStudioVersion = 16.0.31911.196
MinimumVisualStudioVersion = 10.0.40219.1
Project("{FAE04EC0-301F-11D3-BF4B-00C04F79EFBC}") = "WebDalisa", "WebDalisa\WebDalisa.csproj", "{57A5647A-7C1D-426B-AECC-4F830876AB53}"
EndProject
Global
	GlobalSection(SolutionConfigurationPlatforms) = preSolution
		Debug|Any CPU = Debug|Any CPU
		Release|Any CPU = Release|Any CPU
	EndGlobalSection
	GlobalSection(ProjectConfigurationPlatforms) = postSolution
		{57A5647A-7C1D-426B-AECC-4F830876AB53}.Debug|Any CPU.ActiveCfg = Debug|Any CPU
		{57A5647A-7C1D-426B-AECC-4F830876AB53}.Debug|Any CPU.Build.0 = Debug|Any CPU
		{57A5647A-7C1D-426B-AECC-4F830876AB53}.Release|Any CPU.ActiveCfg = Release|Any CPU
		{57A5647A-7C1D-426B-AECC-4F830876AB53}.Release|Any CPU.Build.0 = Release|Any CPU
	EndGlobalSection
	GlobalSection(SolutionProperties) = preSolution
		HideSolutionNode = FALSE
	EndGlobalSection
	GlobalSection(ExtensibilityGlobals) = postSolution
		SolutionGuid = {34458FD4-852D-410A-B63B-E84F01DB0D57}
	EndGlobalSection
EndGlobal
